{
  "version": 4,
  "terraform_version": "1.9.6",
  "serial": 34,
  "lineage": "c2fd2403-e18d-0d50-878d-0c5ef4a4493c",
  "outputs": {},
  "resources": [
    {
      "mode": "data",
      "type": "archive_file",
      "name": "lambda",
      "provider": "provider[\"registry.terraform.io/hashicorp/archive\"]",
      "instances": [
        {
          "schema_version": 0,
          "attributes": {
            "exclude_symlink_directories": null,
            "excludes": null,
            "id": "7b64cbfa195cef8ffe8c3ccad6aedfe3d353bad0",
            "output_base64sha256": "7S7c48zua0j8RjxYG62SzHzF8IpTheVo5iEiQ98Xp6w=",
            "output_base64sha512": "EBaH/nUEem+Vi4jaxt+ZKEGApvn/C/b+Znjba3VdFoSltWwjbL7L9nuNc7qZ8BF605FBH2WsOoml0SAxDTpIgw==",
            "output_file_mode": null,
            "output_md5": "fa3664fd92871829cd3acc90ea43a0eb",
            "output_path": "lambda_function.zip",
            "output_sha": "7b64cbfa195cef8ffe8c3ccad6aedfe3d353bad0",
            "output_sha256": "ed2edce3ccee6b48fc463c581bad92cc7cc5f08a5385e568e6212243df17a7ac",
            "output_sha512": "101687fe75047a6f958b88dac6df99284180a6f9ff0bf6fe6678db6b755d1684a5b56c236cbecbf67b8d73ba99f0117ad391411f65ac3a89a5d120310d3a4883",
            "output_size": 277,
            "source": [],
            "source_content": null,
            "source_content_filename": null,
            "source_dir": null,
            "source_file": "Testing.py",
            "type": "zip"
          },
          "sensitive_attributes": []
        }
      ]
    },
    {
      "mode": "managed",
      "type": "aws_api_gateway_deployment",
      "name": "api_deployment",
      "provider": "provider[\"registry.terraform.io/hashicorp/aws\"]",
      "instances": [
        {
          "schema_version": 0,
          "attributes": {
            "canary_settings": [],
            "created_date": "2024-09-23T10:13:44Z",
            "description": "",
            "execution_arn": "arn:aws:execute-api:us-east-1:932651600498:d0iw16hkzg/dev",
            "id": "s8g3xr",
            "invoke_url": "https://d0iw16hkzg.execute-api.us-east-1.amazonaws.com/dev",
            "rest_api_id": "d0iw16hkzg",
            "stage_description": null,
            "stage_name": "dev",
            "triggers": {
              "redeployment": "bc7ed3c0ebc17318c97367c30e9a120f59b52a78"
            },
            "variables": null
          },
          "sensitive_attributes": [],
          "private": "bnVsbA==",
          "dependencies": [
            "aws_api_gateway_integration.lambda_integration",
            "aws_api_gateway_method.GET",
            "aws_api_gateway_resource.resource_name",
            "aws_api_gateway_rest_api.api_endpoint",
            "aws_lambda_function.Test",
            "data.archive_file.lambda"
          ]
        }
      ]
    },
    {
      "mode": "managed",
      "type": "aws_api_gateway_integration",
      "name": "lambda_integration",
      "provider": "provider[\"registry.terraform.io/hashicorp/aws\"]",
      "instances": [
        {
          "schema_version": 0,
          "attributes": {
            "cache_key_parameters": [],
            "cache_namespace": "gnbffr",
            "connection_id": "",
            "connection_type": "INTERNET",
            "content_handling": "",
            "credentials": "",
            "http_method": "GET",
            "id": "agi-d0iw16hkzg-gnbffr-GET",
            "integration_http_method": "GET",
            "passthrough_behavior": "WHEN_NO_MATCH",
            "request_parameters": {},
            "request_templates": {},
            "resource_id": "gnbffr",
            "rest_api_id": "d0iw16hkzg",
            "timeout_milliseconds": 29000,
            "tls_config": [],
            "type": "AWS",
            "uri": "arn:aws:apigateway:us-east-1:lambda:path/2015-03-31/functions/arn:aws:lambda:us-east-1:932651600498:function:Terraform_Testing/invocations"
          },
          "sensitive_attributes": [],
          "private": "bnVsbA==",
          "dependencies": [
            "aws_api_gateway_method.GET",
            "aws_api_gateway_resource.resource_name",
            "aws_api_gateway_rest_api.api_endpoint",
            "aws_lambda_function.Test",
            "data.archive_file.lambda"
          ]
        }
      ]
    },
    {
      "mode": "managed",
      "type": "aws_api_gateway_method",
      "name": "GET",
      "provider": "provider[\"registry.terraform.io/hashicorp/aws\"]",
      "instances": [
        {
          "schema_version": 0,
          "attributes": {
            "api_key_required": false,
            "authorization": "NONE",
            "authorization_scopes": [],
            "authorizer_id": "",
            "http_method": "GET",
            "id": "agm-d0iw16hkzg-gnbffr-GET",
            "operation_name": "",
            "request_models": {},
            "request_parameters": {},
            "request_validator_id": "",
            "resource_id": "gnbffr",
            "rest_api_id": "d0iw16hkzg"
          },
          "sensitive_attributes": [],
          "private": "bnVsbA==",
          "dependencies": [
            "aws_api_gateway_resource.resource_name",
            "aws_api_gateway_rest_api.api_endpoint"
          ]
        }
      ]
    },
    {
      "mode": "managed",
      "type": "aws_api_gateway_resource",
      "name": "resource_name",
      "provider": "provider[\"registry.terraform.io/hashicorp/aws\"]",
      "instances": [
        {
          "schema_version": 0,
          "attributes": {
            "id": "gnbffr",
            "parent_id": "nkfw3y3tyc",
            "path": "/demo",
            "path_part": "demo",
            "rest_api_id": "d0iw16hkzg"
          },
          "sensitive_attributes": [],
          "private": "bnVsbA==",
          "dependencies": [
            "aws_api_gateway_rest_api.api_endpoint"
          ]
        }
      ]
    },
    {
      "mode": "managed",
      "type": "aws_api_gateway_rest_api",
      "name": "api_endpoint",
      "provider": "provider[\"registry.terraform.io/hashicorp/aws\"]",
      "instances": [
        {
          "schema_version": 0,
          "attributes": {
            "api_key_source": "HEADER",
            "arn": "arn:aws:apigateway:us-east-1::/restapis/d0iw16hkzg",
            "binary_media_types": [],
            "body": null,
            "created_date": "2024-09-23T10:01:04Z",
            "description": "API for Test",
            "disable_execute_api_endpoint": false,
            "endpoint_configuration": [
              {
                "types": [
                  "EDGE"
                ],
                "vpc_endpoint_ids": []
              }
            ],
            "execution_arn": "arn:aws:execute-api:us-east-1:932651600498:d0iw16hkzg",
            "fail_on_warnings": null,
            "id": "d0iw16hkzg",
            "minimum_compression_size": "",
            "name": "hello_world",
            "parameters": null,
            "policy": "",
            "put_rest_api_mode": null,
            "root_resource_id": "nkfw3y3tyc",
            "tags": {},
            "tags_all": {}
          },
          "sensitive_attributes": [],
          "private": "bnVsbA=="
        }
      ]
    },
    {
      "mode": "managed",
      "type": "aws_lambda_function",
      "name": "Test",
      "provider": "provider[\"registry.terraform.io/hashicorp/aws\"]",
      "instances": [
        {
          "schema_version": 0,
          "attributes": {
            "architectures": [
              "x86_64"
            ],
            "arn": "arn:aws:lambda:us-east-1:932651600498:function:Terraform_Testing",
            "code_sha256": "7S7c48zua0j8RjxYG62SzHzF8IpTheVo5iEiQ98Xp6w=",
            "code_signing_config_arn": "",
            "dead_letter_config": [],
            "description": "This is testing lambda for terraform pipeline",
            "environment": [],
            "ephemeral_storage": [
              {
                "size": 512
              }
            ],
            "file_system_config": [],
            "filename": "lambda_function.zip",
            "function_name": "Terraform_Testing",
            "handler": "Testing.lambda_function",
            "id": "Terraform_Testing",
            "image_config": [],
            "image_uri": "",
            "invoke_arn": "arn:aws:apigateway:us-east-1:lambda:path/2015-03-31/functions/arn:aws:lambda:us-east-1:932651600498:function:Terraform_Testing/invocations",
            "kms_key_arn": "",
            "last_modified": "2024-09-23T10:26:42.000+0000",
            "layers": [],
            "logging_config": [
              {
                "application_log_level": "",
                "log_format": "Text",
                "log_group": "/aws/lambda/Terraform_Testing",
                "system_log_level": ""
              }
            ],
            "memory_size": 128,
            "package_type": "Zip",
            "publish": false,
            "qualified_arn": "arn:aws:lambda:us-east-1:932651600498:function:Terraform_Testing:$LATEST",
            "qualified_invoke_arn": "arn:aws:apigateway:us-east-1:lambda:path/2015-03-31/functions/arn:aws:lambda:us-east-1:932651600498:function:Terraform_Testing:$LATEST/invocations",
            "replace_security_groups_on_destroy": null,
            "replacement_security_group_ids": null,
            "reserved_concurrent_executions": -1,
            "role": "arn:aws:iam::932651600498:role/service-role/document_upload-role-36txp8cb",
            "runtime": "python3.12",
            "s3_bucket": null,
            "s3_key": null,
            "s3_object_version": null,
            "signing_job_arn": "",
            "signing_profile_version_arn": "",
            "skip_destroy": false,
            "snap_start": [],
            "source_code_hash": "7S7c48zua0j8RjxYG62SzHzF8IpTheVo5iEiQ98Xp6w=",
            "source_code_size": 277,
            "tags": {},
            "tags_all": {},
            "timeout": 3,
            "timeouts": null,
            "tracing_config": [
              {
                "mode": "PassThrough"
              }
            ],
            "version": "$LATEST",
            "vpc_config": []
          },
          "sensitive_attributes": [],
          "private": "eyJlMmJmYjczMC1lY2FhLTExZTYtOGY4OC0zNDM2M2JjN2M0YzAiOnsiY3JlYXRlIjo2MDAwMDAwMDAwMDAsImRlbGV0ZSI6NjAwMDAwMDAwMDAwLCJ1cGRhdGUiOjYwMDAwMDAwMDAwMH19",
          "dependencies": [
            "data.archive_file.lambda"
          ]
        }
      ]
    },
    {
      "mode": "managed",
      "type": "aws_s3_bucket",
      "name": "bucket",
      "provider": "provider[\"registry.terraform.io/hashicorp/aws\"]",
      "instances": [
        {
          "schema_version": 0,
          "attributes": {
            "acceleration_status": "",
            "acl": null,
            "arn": "arn:aws:s3:::terraform-testingduraj",
            "bucket": "terraform-testingduraj",
            "bucket_domain_name": "terraform-testingduraj.s3.amazonaws.com",
            "bucket_prefix": "",
            "bucket_regional_domain_name": "terraform-testingduraj.s3.us-east-1.amazonaws.com",
            "cors_rule": [],
            "force_destroy": false,
            "grant": [
              {
                "id": "17ffdee343d1010579e8c0413ab8bac4622f5763618b59e0d72dfe4d74583b26",
                "permissions": [
                  "FULL_CONTROL"
                ],
                "type": "CanonicalUser",
                "uri": ""
              }
            ],
            "hosted_zone_id": "Z3AQBSTGFYJSTF",
            "id": "terraform-testingduraj",
            "lifecycle_rule": [],
            "logging": [],
            "object_lock_configuration": [],
            "object_lock_enabled": false,
            "policy": "",
            "region": "us-east-1",
            "replication_configuration": [],
            "request_payer": "BucketOwner",
            "server_side_encryption_configuration": [
              {
                "rule": [
                  {
                    "apply_server_side_encryption_by_default": [
                      {
                        "kms_master_key_id": "",
                        "sse_algorithm": "AES256"
                      }
                    ],
                    "bucket_key_enabled": false
                  }
                ]
              }
            ],
            "tags": {},
            "tags_all": {},
            "timeouts": null,
            "versioning": [
              {
                "enabled": false,
                "mfa_delete": false
              }
            ],
            "website": [],
            "website_domain": null,
            "website_endpoint": null
          },
          "sensitive_attributes": [],
          "private": "eyJlMmJmYjczMC1lY2FhLTExZTYtOGY4OC0zNDM2M2JjN2M0YzAiOnsiY3JlYXRlIjoxMjAwMDAwMDAwMDAwLCJkZWxldGUiOjM2MDAwMDAwMDAwMDAsInJlYWQiOjEyMDAwMDAwMDAwMDAsInVwZGF0ZSI6MTIwMDAwMDAwMDAwMH19"
        }
      ]
    },
    {
      "mode": "managed",
      "type": "aws_secretsmanager_secret",
      "name": "Terraform_Testing",
      "provider": "provider[\"registry.terraform.io/hashicorp/aws\"]",
      "instances": [
        {
          "schema_version": 0,
          "attributes": {
            "arn": "arn:aws:secretsmanager:us-east-1:932651600498:secret:Terraform_Testing_secret_mnager-kPritu",
            "description": "terraform testing secrets",
            "force_overwrite_replica_secret": false,
            "id": "arn:aws:secretsmanager:us-east-1:932651600498:secret:Terraform_Testing_secret_mnager-kPritu",
            "kms_key_id": "",
            "name": "Terraform_Testing_secret_mnager",
            "name_prefix": "",
            "policy": "",
            "recovery_window_in_days": 30,
            "replica": [],
            "tags": {},
            "tags_all": {}
          },
          "sensitive_attributes": [],
          "private": "bnVsbA=="
        }
      ]
    },
    {
      "mode": "managed",
      "type": "aws_secretsmanager_secret_version",
      "name": "Terraform_Learning",
      "provider": "provider[\"registry.terraform.io/hashicorp/aws\"]",
      "instances": [
        {
          "schema_version": 0,
          "attributes": {
            "arn": "arn:aws:secretsmanager:us-east-1:932651600498:secret:Terraform_Testing_secret_mnager-kPritu",
            "id": "Terraform_Testing_secret_mnager|terraform-20240923080152501600000001",
            "secret_binary": "",
            "secret_id": "Terraform_Testing_secret_mnager",
            "secret_string": "{\"password\":\"Testing@1234\",\"username\":\"Testing\"}",
            "version_id": "terraform-20240923080152501600000001",
            "version_stages": [
              "AWSCURRENT"
            ]
          },
          "sensitive_attributes": [
            [
              {
                "type": "get_attr",
                "value": "secret_string"
              }
            ],
            [
              {
                "type": "get_attr",
                "value": "secret_binary"
              }
            ]
          ],
          "private": "bnVsbA==",
          "dependencies": [
            "aws_secretsmanager_secret.Terraform_Testing"
          ]
        }
      ]
    },
    {
      "mode": "managed",
      "type": "github_repository",
      "name": "terraform",
      "provider": "provider[\"registry.terraform.io/hashicorp/github\"]",
      "instances": [
        {
          "schema_version": 1,
          "attributes": {
            "allow_auto_merge": false,
            "allow_merge_commit": true,
            "allow_rebase_merge": true,
            "allow_squash_merge": true,
            "allow_update_branch": false,
            "archive_on_destroy": null,
            "archived": false,
            "auto_init": null,
            "default_branch": "main",
            "delete_branch_on_merge": false,
            "description": "This repo is created by terraform while learning",
            "etag": "W/\"858f59547fac4c19c915db7811e4b0dcc33ba871c7f89be50d7b0d07f46c4c27\"",
            "full_name": "duraj-gokhe/Terraform_Learning",
            "git_clone_url": "git://github.com/duraj-gokhe/Terraform_Learning.git",
            "gitignore_template": null,
            "has_discussions": false,
            "has_downloads": false,
            "has_issues": false,
            "has_projects": false,
            "has_wiki": false,
            "homepage_url": "",
            "html_url": "https://github.com/duraj-gokhe/Terraform_Learning",
            "http_clone_url": "https://github.com/duraj-gokhe/Terraform_Learning.git",
            "id": "Terraform_Learning",
            "ignore_vulnerability_alerts_during_read": null,
            "is_template": false,
            "license_template": null,
            "merge_commit_message": "PR_TITLE",
            "merge_commit_title": "MERGE_MESSAGE",
            "name": "Terraform_Learning",
            "node_id": "R_kgDOM1O8wA",
            "pages": [],
            "primary_language": "",
            "private": false,
            "repo_id": 861125824,
            "security_and_analysis": [
              {
                "advanced_security": [],
                "secret_scanning": [
                  {
                    "status": "enabled"
                  }
                ],
                "secret_scanning_push_protection": [
                  {
                    "status": "enabled"
                  }
                ]
              }
            ],
            "squash_merge_commit_message": "COMMIT_MESSAGES",
            "squash_merge_commit_title": "COMMIT_OR_PR_TITLE",
            "ssh_clone_url": "git@github.com:duraj-gokhe/Terraform_Learning.git",
            "svn_url": "https://github.com/duraj-gokhe/Terraform_Learning",
            "template": [],
            "topics": [],
            "visibility": "public",
            "vulnerability_alerts": false,
            "web_commit_signoff_required": false
          },
          "sensitive_attributes": [],
          "private": "eyJzY2hlbWFfdmVyc2lvbiI6IjEifQ=="
        }
      ]
    }
  ],
  "check_results": null
}
